{
  "name": "homeservice",
  "lockfileVersion": 3,
  "requires": true,
  "packages": {
    "": {
      "dependencies": {
        "notistack": "^3.0.1"
      }
    },
    "node_modules/clsx": {
      "version": "1.2.1",
      "resolved": "https://registry.npmjs.org/clsx/-/clsx-1.2.1.tgz",
      "integrity": "sha512-EcR6r5a8bj6pu3ycsa/E/cKVGuTgZJZdsyUYHOksG/UHIiKfjxzRxYJpyVBwYaQeOvghal9fcc4PidlgzugAQg==",
      "engines": {
        "node": ">=6"
      }
    },
    "node_modules/goober": {
      "version": "2.1.14",
      "resolved": "https://registry.npmjs.org/goober/-/goober-2.1.14.tgz",
      "integrity": "sha512-4UpC0NdGyAFqLNPnhCT2iHpza2q+RAY3GV85a/mRPdzyPQMsj0KmMMuetdIkzWRbJ+Hgau1EZztq8ImmiMGhsg==",
      "peerDependencies": {
        "csstype": "^3.0.10"
      }
    },
    "node_modules/notistack": {
      "version": "3.0.1",
      "resolved": "https://registry.npmjs.org/notistack/-/notistack-3.0.1.tgz",
      "integrity": "sha512-ntVZXXgSQH5WYfyU+3HfcXuKaapzAJ8fBLQ/G618rn3yvSzEbnOB8ZSOwhX+dAORy/lw+GC2N061JA0+gYWTVA==",
      "dependencies": {
        "clsx": "^1.1.0",
        "goober": "^2.0.33"
      },
      "engines": {
        "node": ">=12.0.0",
        "npm": ">=6.0.0"
      },
      "funding": {
        "type": "opencollective",
        "url": "https://opencollective.com/notistack"
      },
      "peerDependencies": {
        "react": "^16.8.0 || ^17.0.0 || ^18.0.0",
        "react-dom": "^16.8.0 || ^17.0.0 || ^18.0.0"
      }
    }
  }
}
